
Microsoft Visual Studio Solution File, Format Version 12.00
# Visual Studio Version 16
VisualStudioVersion = 16.0.32413.511
MinimumVisualStudioVersion = 10.0.40219.1
Project("{9A19103F-16F7-4668-BE54-9A1E7A4F7556}") = "API", "API\API.csproj", "{AD43622E-1E2C-4DB3-A7DA-2895EC22B97B}"
EndProject
Project("{FAE04EC0-301F-11D3-BF4B-00C04F79EFBC}") = "Client", "Client\Client.csproj", "{2D36F1A2-5902-4D0B-8E82-8CEFD219F1E8}"
EndProject
Global
	GlobalSection(SolutionConfigurationPlatforms) = preSolution
		Debug|Any CPU = Debug|Any CPU
		Release|Any CPU = Release|Any CPU
	EndGlobalSection
	GlobalSection(ProjectConfigurationPlatforms) = postSolution
		{AD43622E-1E2C-4DB3-A7DA-2895EC22B97B}.Debug|Any CPU.ActiveCfg = Debug|Any CPU
		{AD43622E-1E2C-4DB3-A7DA-2895EC22B97B}.Debug|Any CPU.Build.0 = Debug|Any CPU
		{AD43622E-1E2C-4DB3-A7DA-2895EC22B97B}.Release|Any CPU.ActiveCfg = Release|Any CPU
		{AD43622E-1E2C-4DB3-A7DA-2895EC22B97B}.Release|Any CPU.Build.0 = Release|Any CPU
		{2D36F1A2-5902-4D0B-8E82-8CEFD219F1E8}.Debug|Any CPU.ActiveCfg = Debug|Any CPU
		{2D36F1A2-5902-4D0B-8E82-8CEFD219F1E8}.Debug|Any CPU.Build.0 = Debug|Any CPU
		{2D36F1A2-5902-4D0B-8E82-8CEFD219F1E8}.Release|Any CPU.ActiveCfg = Release|Any CPU
		{2D36F1A2-5902-4D0B-8E82-8CEFD219F1E8}.Release|Any CPU.Build.0 = Release|Any CPU
	EndGlobalSection
	GlobalSection(SolutionProperties) = preSolution
		HideSolutionNode = FALSE
	EndGlobalSection
	GlobalSection(ExtensibilityGlobals) = postSolution
		SolutionGuid = {F53028A9-FFFC-48E0-9427-55933167D89F}
	EndGlobalSection
EndGlobal
